// !$*UTF8*$!
{
	archiveVersion = 1;
	classes = {
	};
	objectVersion = 56;
	objects = {

/* Begin PBXBuildFile section */
		3514C5012C661B3E004523CC /* InfoView.swift in Sources */ = {isa = PBXBuildFile; fileRef = 3514C5002C661B3E004523CC /* InfoView.swift */; };
		3514C5032C66210F004523CC /* AppDelegate.swift in Sources */ = {isa = PBXBuildFile; fileRef = 3514C5022C66210F004523CC /* AppDelegate.swift */; };
		3553597C2C64C747004C172A /* ImageGeneratorApp.swift in Sources */ = {isa = PBXBuildFile; fileRef = 3553597B2C64C747004C172A /* ImageGeneratorApp.swift */; };
		3553597E2C64C747004C172A /* MainView.swift in Sources */ = {isa = PBXBuildFile; fileRef = 3553597D2C64C747004C172A /* MainView.swift */; };
		355359802C64C74A004C172A /* Assets.xcassets in Resources */ = {isa = PBXBuildFile; fileRef = 3553597F2C64C74A004C172A /* Assets.xcassets */; };
		355359832C64C74A004C172A /* Preview Assets.xcassets in Resources */ = {isa = PBXBuildFile; fileRef = 355359822C64C74A004C172A /* Preview Assets.xcassets */; };
		3553598F2C64C855004C172A /* AppState.swift in Sources */ = {isa = PBXBuildFile; fileRef = 3553598E2C64C855004C172A /* AppState.swift */; };
		355359922C64C8A8004C172A /* Settable.swift in Sources */ = {isa = PBXBuildFile; fileRef = 355359912C64C8A8004C172A /* Settable.swift */; };
		355359942C64C91E004C172A /* Constants.swift in Sources */ = {isa = PBXBuildFile; fileRef = 355359932C64C91E004C172A /* Constants.swift */; };
		355359972C64D9A3004C172A /* OutputFormatType.swift in Sources */ = {isa = PBXBuildFile; fileRef = 355359962C64D9A3004C172A /* OutputFormatType.swift */; };
		355359992C64F4BA004C172A /* ImageService.swift in Sources */ = {isa = PBXBuildFile; fileRef = 355359982C64F4BA004C172A /* ImageService.swift */; };
		3553599C2C6556C6004C172A /* ViewExtensions.swift in Sources */ = {isa = PBXBuildFile; fileRef = 3553599B2C6556C6004C172A /* ViewExtensions.swift */; };
		3553599F2C655710004C172A /* IsHiddenModifier.swift in Sources */ = {isa = PBXBuildFile; fileRef = 3553599E2C655710004C172A /* IsHiddenModifier.swift */; };
/* End PBXBuildFile section */

/* Begin PBXFileReference section */
		3514C5002C661B3E004523CC /* InfoView.swift */ = {isa = PBXFileReference; lastKnownFileType = sourcecode.swift; path = InfoView.swift; sourceTree = "<group>"; };
		3514C5022C66210F004523CC /* AppDelegate.swift */ = {isa = PBXFileReference; lastKnownFileType = sourcecode.swift; path = AppDelegate.swift; sourceTree = "<group>"; };
		355359782C64C747004C172A /* ImageGenerator.app */ = {isa = PBXFileReference; explicitFileType = wrapper.application; includeInIndex = 0; path = ImageGenerator.app; sourceTree = BUILT_PRODUCTS_DIR; };
		3553597B2C64C747004C172A /* ImageGeneratorApp.swift */ = {isa = PBXFileReference; lastKnownFileType = sourcecode.swift; path = ImageGeneratorApp.swift; sourceTree = "<group>"; };
		3553597D2C64C747004C172A /* MainView.swift */ = {isa = PBXFileReference; lastKnownFileType = sourcecode.swift; path = MainView.swift; sourceTree = "<group>"; };
		3553597F2C64C74A004C172A /* Assets.xcassets */ = {isa = PBXFileReference; lastKnownFileType = folder.assetcatalog; path = Assets.xcassets; sourceTree = "<group>"; };
		355359822C64C74A004C172A /* Preview Assets.xcassets */ = {isa = PBXFileReference; lastKnownFileType = folder.assetcatalog; path = "Preview Assets.xcassets"; sourceTree = "<group>"; };
		355359842C64C74A004C172A /* ImageGenerator.entitlements */ = {isa = PBXFileReference; lastKnownFileType = text.plist.entitlements; path = ImageGenerator.entitlements; sourceTree = "<group>"; };
		3553598E2C64C855004C172A /* AppState.swift */ = {isa = PBXFileReference; lastKnownFileType = sourcecode.swift; path = AppState.swift; sourceTree = "<group>"; };
		355359912C64C8A8004C172A /* Settable.swift */ = {isa = PBXFileReference; lastKnownFileType = sourcecode.swift; path = Settable.swift; sourceTree = "<group>"; };
		355359932C64C91E004C172A /* Constants.swift */ = {isa = PBXFileReference; lastKnownFileType = sourcecode.swift; path = Constants.swift; sourceTree = "<group>"; };
		355359962C64D9A3004C172A /* OutputFormatType.swift */ = {isa = PBXFileReference; lastKnownFileType = sourcecode.swift; path = OutputFormatType.swift; sourceTree = "<group>"; };
		355359982C64F4BA004C172A /* ImageService.swift */ = {isa = PBXFileReference; lastKnownFileType = sourcecode.swift; path = ImageService.swift; sourceTree = "<group>"; };
		3553599B2C6556C6004C172A /* ViewExtensions.swift */ = {isa = PBXFileReference; lastKnownFileType = sourcecode.swift; path = ViewExtensions.swift; sourceTree = "<group>"; };
		3553599E2C655710004C172A /* IsHiddenModifier.swift */ = {isa = PBXFileReference; lastKnownFileType = sourcecode.swift; path = IsHiddenModifier.swift; sourceTree = "<group>"; };
/* End PBXFileReference section */

/* Begin PBXFrameworksBuildPhase section */
		355359752C64C747004C172A /* Frameworks */ = {
			isa = PBXFrameworksBuildPhase;
			buildActionMask = 2147483647;
			files = (
			);
			runOnlyForDeploymentPostprocessing = 0;
		};
/* End PBXFrameworksBuildPhase section */

/* Begin PBXGroup section */
		3553596F2C64C747004C172A = {
			isa = PBXGroup;
			children = (
				3553597A2C64C747004C172A /* ImageGenerator */,
				355359792C64C747004C172A /* Products */,
			);
			sourceTree = "<group>";
		};
		355359792C64C747004C172A /* Products */ = {
			isa = PBXGroup;
			children = (
				355359782C64C747004C172A /* ImageGenerator.app */,
			);
			name = Products;
			sourceTree = "<group>";
		};
		3553597A2C64C747004C172A /* ImageGenerator */ = {
			isa = PBXGroup;
			children = (
				3553597B2C64C747004C172A /* ImageGeneratorApp.swift */,
				3553598E2C64C855004C172A /* AppState.swift */,
				3553597F2C64C74A004C172A /* Assets.xcassets */,
				355359842C64C74A004C172A /* ImageGenerator.entitlements */,
				3553598B2C64C814004C172A /* Infrastructure */,
				355359902C64C87C004C172A /* Protocols */,
				355359952C64D970004C172A /* Enums */,
				3553598C2C64C823004C172A /* Services */,
				3553598D2C64C832004C172A /* Views */,
				355359812C64C74A004C172A /* Preview Content */,
			);
			path = ImageGenerator;
			sourceTree = "<group>";
		};
		355359812C64C74A004C172A /* Preview Content */ = {
			isa = PBXGroup;
			children = (
				355359822C64C74A004C172A /* Preview Assets.xcassets */,
			);
			path = "Preview Content";
			sourceTree = "<group>";
		};
		3553598B2C64C814004C172A /* Infrastructure */ = {
			isa = PBXGroup;
			children = (
				355359932C64C91E004C172A /* Constants.swift */,
				3514C5022C66210F004523CC /* AppDelegate.swift */,
			);
			path = Infrastructure;
			sourceTree = "<group>";
		};
		3553598C2C64C823004C172A /* Services */ = {
			isa = PBXGroup;
			children = (
				355359982C64F4BA004C172A /* ImageService.swift */,
			);
			path = Services;
			sourceTree = "<group>";
		};
		3553598D2C64C832004C172A /* Views */ = {
			isa = PBXGroup;
			children = (
				3553599D2C6556FB004C172A /* Modifiers */,
				3553599A2C6556B6004C172A /* Extensions */,
				3553597D2C64C747004C172A /* MainView.swift */,
				3514C5002C661B3E004523CC /* InfoView.swift */,
			);
			path = Views;
			sourceTree = "<group>";
		};
		355359902C64C87C004C172A /* Protocols */ = {
			isa = PBXGroup;
			children = (
				355359912C64C8A8004C172A /* Settable.swift */,
			);
			path = Protocols;
			sourceTree = "<group>";
		};
		355359952C64D970004C172A /* Enums */ = {
			isa = PBXGroup;
			children = (
				355359962C64D9A3004C172A /* OutputFormatType.swift */,
			);
			path = Enums;
			sourceTree = "<group>";
		};
		3553599A2C6556B6004C172A /* Extensions */ = {
			isa = PBXGroup;
			children = (
				3553599B2C6556C6004C172A /* ViewExtensions.swift */,
			);
			path = Extensions;
			sourceTree = "<group>";
		};
		3553599D2C6556FB004C172A /* Modifiers */ = {
			isa = PBXGroup;
			children = (
				3553599E2C655710004C172A /* IsHiddenModifier.swift */,
			);
			path = Modifiers;
			sourceTree = "<group>";
		};
/* End PBXGroup section */

/* Begin PBXNativeTarget section */
		355359772C64C747004C172A /* ImageGenerator */ = {
			isa = PBXNativeTarget;
			buildConfigurationList = 355359872C64C74A004C172A /* Build configuration list for PBXNativeTarget "ImageGenerator" */;
			buildPhases = (
				355359742C64C747004C172A /* Sources */,
				355359752C64C747004C172A /* Frameworks */,
				355359762C64C747004C172A /* Resources */,
			);
			buildRules = (
			);
			dependencies = (
			);
			name = ImageGenerator;
			productName = ImageGenerator;
			productReference = 355359782C64C747004C172A /* ImageGenerator.app */;
			productType = "com.apple.product-type.application";
		};
/* End PBXNativeTarget section */

/* Begin PBXProject section */
		355359702C64C747004C172A /* Project object */ = {
			isa = PBXProject;
			attributes = {
				BuildIndependentTargetsInParallel = 1;
				LastSwiftUpdateCheck = 1540;
				LastUpgradeCheck = 1540;
				TargetAttributes = {
					355359772C64C747004C172A = {
						CreatedOnToolsVersion = 15.4;
					};
				};
			};
			buildConfigurationList = 355359732C64C747004C172A /* Build configuration list for PBXProject "ImageGenerator" */;
			compatibilityVersion = "Xcode 14.0";
			developmentRegion = en;
			hasScannedForEncodings = 0;
			knownRegions = (
				en,
				Base,
			);
			mainGroup = 3553596F2C64C747004C172A;
			productRefGroup = 355359792C64C747004C172A /* Products */;
			projectDirPath = "";
			projectRoot = "";
			targets = (
				355359772C64C747004C172A /* ImageGenerator */,
			);
		};
/* End PBXProject section */

/* Begin PBXResourcesBuildPhase section */
		355359762C64C747004C172A /* Resources */ = {
			isa = PBXResourcesBuildPhase;
			buildActionMask = 2147483647;
			files = (
				355359832C64C74A004C172A /* Preview Assets.xcassets in Resources */,
				355359802C64C74A004C172A /* Assets.xcassets in Resources */,
			);
			runOnlyForDeploymentPostprocessing = 0;
		};
/* End PBXResourcesBuildPhase section */

/* Begin PBXSourcesBuildPhase section */
		355359742C64C747004C172A /* Sources */ = {
			isa = PBXSourcesBuildPhase;
			buildActionMask = 2147483647;
			files = (
				3514C5032C66210F004523CC /* AppDelegate.swift in Sources */,
				355359942C64C91E004C172A /* Constants.swift in Sources */,
				3553599F2C655710004C172A /* IsHiddenModifier.swift in Sources */,
				355359972C64D9A3004C172A /* OutputFormatType.swift in Sources */,
				3553599C2C6556C6004C172A /* ViewExtensions.swift in Sources */,
				3553598F2C64C855004C172A /* AppState.swift in Sources */,
				355359922C64C8A8004C172A /* Settable.swift in Sources */,
				3553597E2C64C747004C172A /* MainView.swift in Sources */,
				3553597C2C64C747004C172A /* ImageGeneratorApp.swift in Sources */,
				3514C5012C661B3E004523CC /* InfoView.swift in Sources */,
				355359992C64F4BA004C172A /* ImageService.swift in Sources */,
			);
			runOnlyForDeploymentPostprocessing = 0;
		};
/* End PBXSourcesBuildPhase section */

/* Begin XCBuildConfiguration section */
		355359852C64C74A004C172A /* Debug */ = {
			isa = XCBuildConfiguration;
			buildSettings = {
				ALWAYS_SEARCH_USER_PATHS = NO;
				ASSETCATALOG_COMPILER_GENERATE_SWIFT_ASSET_SYMBOL_EXTENSIONS = YES;
				CLANG_ANALYZER_NONNULL = YES;
				CLANG_ANALYZER_NUMBER_OBJECT_CONVERSION = YES_AGGRESSIVE;
				CLANG_CXX_LANGUAGE_STANDARD = "gnu++20";
				CLANG_ENABLE_MODULES = YES;
				CLANG_ENABLE_OBJC_ARC = YES;
				CLANG_ENABLE_OBJC_WEAK = YES;
				CLANG_WARN_BLOCK_CAPTURE_AUTORELEASING = YES;
				CLANG_WARN_BOOL_CONVERSION = YES;
				CLANG_WARN_COMMA = YES;
				CLANG_WARN_CONSTANT_CONVERSION = YES;
				CLANG_WARN_DEPRECATED_OBJC_IMPLEMENTATIONS = YES;
				CLANG_WARN_DIRECT_OBJC_ISA_USAGE = YES_ERROR;
				CLANG_WARN_DOCUMENTATION_COMMENTS = YES;
				CLANG_WARN_EMPTY_BODY = YES;
				CLANG_WARN_ENUM_CONVERSION = YES;
				CLANG_WARN_INFINITE_RECURSION = YES;
				CLANG_WARN_INT_CONVERSION = YES;
				CLANG_WARN_NON_LITERAL_NULL_CONVERSION = YES;
				CLANG_WARN_OBJC_IMPLICIT_RETAIN_SELF = YES;
				CLANG_WARN_OBJC_LITERAL_CONVERSION = YES;
				CLANG_WARN_OBJC_ROOT_CLASS = YES_ERROR;
				CLANG_WARN_QUOTED_INCLUDE_IN_FRAMEWORK_HEADER = YES;
				CLANG_WARN_RANGE_LOOP_ANALYSIS = YES;
				CLANG_WARN_STRICT_PROTOTYPES = YES;
				CLANG_WARN_SUSPICIOUS_MOVE = YES;
				CLANG_WARN_UNGUARDED_AVAILABILITY = YES_AGGRESSIVE;
				CLANG_WARN_UNREACHABLE_CODE = YES;
				CLANG_WARN__DUPLICATE_METHOD_MATCH = YES;
				COPY_PHASE_STRIP = NO;
				DEBUG_INFORMATION_FORMAT = dwarf;
				ENABLE_STRICT_OBJC_MSGSEND = YES;
				ENABLE_TESTABILITY = YES;
				ENABLE_USER_SCRIPT_SANDBOXING = YES;
				GCC_C_LANGUAGE_STANDARD = gnu17;
				GCC_DYNAMIC_NO_PIC = NO;
				GCC_NO_COMMON_BLOCKS = YES;
				GCC_OPTIMIZATION_LEVEL = 0;
				GCC_PREPROCESSOR_DEFINITIONS = (
					"DEBUG=1",
					"$(inherited)",
				);
				GCC_WARN_64_TO_32_BIT_CONVERSION = YES;
				GCC_WARN_ABOUT_RETURN_TYPE = YES_ERROR;
				GCC_WARN_UNDECLARED_SELECTOR = YES;
				GCC_WARN_UNINITIALIZED_AUTOS = YES_AGGRESSIVE;
				GCC_WARN_UNUSED_FUNCTION = YES;
				GCC_WARN_UNUSED_VARIABLE = YES;
				LOCALIZATION_PREFERS_STRING_CATALOGS = YES;
				MACOSX_DEPLOYMENT_TARGET = 14.0;
				MTL_ENABLE_DEBUG_INFO = INCLUDE_SOURCE;
				MTL_FAST_MATH = YES;
				ONLY_ACTIVE_ARCH = YES;
				SDKROOT = macosx;
				SWIFT_ACTIVE_COMPILATION_CONDITIONS = "DEBUG $(inherited)";
				SWIFT_OPTIMIZATION_LEVEL = "-Onone";
			};
			name = Debug;
		};
		355359862C64C74A004C172A /* Release */ = {
			isa = XCBuildConfiguration;
			buildSettings = {
				ALWAYS_SEARCH_USER_PATHS = NO;
				ASSETCATALOG_COMPILER_GENERATE_SWIFT_ASSET_SYMBOL_EXTENSIONS = YES;
				CLANG_ANALYZER_NONNULL = YES;
				CLANG_ANALYZER_NUMBER_OBJECT_CONVERSION = YES_AGGRESSIVE;
				CLANG_CXX_LANGUAGE_STANDARD = "gnu++20";
				CLANG_ENABLE_MODULES = YES;
				CLANG_ENABLE_OBJC_ARC = YES;
				CLANG_ENABLE_OBJC_WEAK = YES;
				CLANG_WARN_BLOCK_CAPTURE_AUTORELEASING = YES;
				CLANG_WARN_BOOL_CONVERSION = YES;
				CLANG_WARN_COMMA = YES;
				CLANG_WARN_CONSTANT_CONVERSION = YES;
				CLANG_WARN_DEPRECATED_OBJC_IMPLEMENTATIONS = YES;
				CLANG_WARN_DIRECT_OBJC_ISA_USAGE = YES_ERROR;
				CLANG_WARN_DOCUMENTATION_COMMENTS = YES;
				CLANG_WARN_EMPTY_BODY = YES;
				CLANG_WARN_ENUM_CONVERSION = YES;
				CLANG_WARN_INFINITE_RECURSION = YES;
				CLANG_WARN_INT_CONVERSION = YES;
				CLANG_WARN_NON_LITERAL_NULL_CONVERSION = YES;
				CLANG_WARN_OBJC_IMPLICIT_RETAIN_SELF = YES;
				CLANG_WARN_OBJC_LITERAL_CONVERSION = YES;
				CLANG_WARN_OBJC_ROOT_CLASS = YES_ERROR;
				CLANG_WARN_QUOTED_INCLUDE_IN_FRAMEWORK_HEADER = YES;
				CLANG_WARN_RANGE_LOOP_ANALYSIS = YES;
				CLANG_WARN_STRICT_PROTOTYPES = YES;
				CLANG_WARN_SUSPICIOUS_MOVE = YES;
				CLANG_WARN_UNGUARDED_AVAILABILITY = YES_AGGRESSIVE;
				CLANG_WARN_UNREACHABLE_CODE = YES;
				CLANG_WARN__DUPLICATE_METHOD_MATCH = YES;
				COPY_PHASE_STRIP = NO;
				DEBUG_INFORMATION_FORMAT = "dwarf-with-dsym";
				ENABLE_NS_ASSERTIONS = NO;
				ENABLE_STRICT_OBJC_MSGSEND = YES;
				ENABLE_USER_SCRIPT_SANDBOXING = YES;
				GCC_C_LANGUAGE_STANDARD = gnu17;
				GCC_NO_COMMON_BLOCKS = YES;
				GCC_WARN_64_TO_32_BIT_CONVERSION = YES;
				GCC_WARN_ABOUT_RETURN_TYPE = YES_ERROR;
				GCC_WARN_UNDECLARED_SELECTOR = YES;
				GCC_WARN_UNINITIALIZED_AUTOS = YES_AGGRESSIVE;
				GCC_WARN_UNUSED_FUNCTION = YES;
				GCC_WARN_UNUSED_VARIABLE = YES;
				LOCALIZATION_PREFERS_STRING_CATALOGS = YES;
				MACOSX_DEPLOYMENT_TARGET = 14.0;
				MTL_ENABLE_DEBUG_INFO = NO;
				MTL_FAST_MATH = YES;
				SDKROOT = macosx;
				SWIFT_COMPILATION_MODE = wholemodule;
			};
			name = Release;
		};
		355359882C64C74A004C172A /* Debug */ = {
			isa = XCBuildConfiguration;
			buildSettings = {
				ASSETCATALOG_COMPILER_APPICON_NAME = AppIcon;
				ASSETCATALOG_COMPILER_GLOBAL_ACCENT_COLOR_NAME = AccentColor;
				CODE_SIGN_ENTITLEMENTS = ImageGenerator/ImageGenerator.entitlements;
				CODE_SIGN_STYLE = Automatic;
				COMBINE_HIDPI_IMAGES = YES;
				CURRENT_PROJECT_VERSION = 1;
				DEVELOPMENT_ASSET_PATHS = "\"ImageGenerator/Preview Content\"";
				DEVELOPMENT_TEAM = N6M7ZCZ5Z6;
				ENABLE_HARDENED_RUNTIME = YES;
				ENABLE_PREVIEWS = YES;
				GENERATE_INFOPLIST_FILE = YES;
				INFOPLIST_KEY_CFBundleDisplayName = "Image Generator";
				INFOPLIST_KEY_LSApplicationCategoryType = "public.app-category.developer-tools";
				INFOPLIST_KEY_NSHumanReadableCopyright = "";
				LD_RUNPATH_SEARCH_PATHS = (
					"$(inherited)",
					"@executable_path/../Frameworks",
				);
				MACOSX_DEPLOYMENT_TARGET = 14.0;
				MARKETING_VERSION = 1.1;
				PRODUCT_BUNDLE_IDENTIFIER = com.MirHam.ImageGenerator;
				PRODUCT_NAME = "$(TARGET_NAME)";
				SUPPORTED_PLATFORMS = macosx;
				SUPPORTS_MACCATALYST = NO;
				SWIFT_EMIT_LOC_STRINGS = YES;
				SWIFT_VERSION = 5.0;
			};
			name = Debug;
		};
		355359892C64C74A004C172A /* Release */ = {
			isa = XCBuildConfiguration;
			buildSettings = {
				ASSETCATALOG_COMPILER_APPICON_NAME = AppIcon;
				ASSETCATALOG_COMPILER_GLOBAL_ACCENT_COLOR_NAME = AccentColor;
				CODE_SIGN_ENTITLEMENTS = ImageGenerator/ImageGenerator.entitlements;
				CODE_SIGN_STYLE = Automatic;
				COMBINE_HIDPI_IMAGES = YES;
				CURRENT_PROJECT_VERSION = 1;
				DEVELOPMENT_ASSET_PATHS = "\"ImageGenerator/Preview Content\"";
				DEVELOPMENT_TEAM = N6M7ZCZ5Z6;
				ENABLE_HARDENED_RUNTIME = YES;
				ENABLE_PREVIEWS = YES;
				GENERATE_INFOPLIST_FILE = YES;
				INFOPLIST_KEY_CFBundleDisplayName = "Image Generator";
				INFOPLIST_KEY_LSApplicationCategoryType = "public.app-category.developer-tools";
				INFOPLIST_KEY_NSHumanReadableCopyright = "";
				LD_RUNPATH_SEARCH_PATHS = (
					"$(inherited)",
					"@executable_path/../Frameworks",
				);
				MACOSX_DEPLOYMENT_TARGET = 14.0;
				MARKETING_VERSION = 1.1;
				PRODUCT_BUNDLE_IDENTIFIER = com.MirHam.ImageGenerator;
				PRODUCT_NAME = "$(TARGET_NAME)";
				SUPPORTED_PLATFORMS = macosx;
				SUPPORTS_MACCATALYST = NO;
				SWIFT_EMIT_LOC_STRINGS = YES;
				SWIFT_VERSION = 5.0;
			};
			name = Release;
		};
/* End XCBuildConfiguration section */

/* Begin XCConfigurationList section */
		355359732C64C747004C172A /* Build configuration list for PBXProject "ImageGenerator" */ = {
			isa = XCConfigurationList;
			buildConfigurations = (
				355359852C64C74A004C172A /* Debug */,
				355359862C64C74A004C172A /* Release */,
			);
			defaultConfigurationIsVisible = 0;
			defaultConfigurationName = Release;
		};
		355359872C64C74A004C172A /* Build configuration list for PBXNativeTarget "ImageGenerator" */ = {
			isa = XCConfigurationList;
			buildConfigurations = (
				355359882C64C74A004C172A /* Debug */,
				355359892C64C74A004C172A /* Release */,
			);
			defaultConfigurationIsVisible = 0;
			defaultConfigurationName = Release;
		};
/* End XCConfigurationList section */
	};
	rootObject = 355359702C64C747004C172A /* Project object */;
}
