// !$*UTF8*$!
{
	archiveVersion = 1;
	classes = {
	};
	objectVersion = 56;
	objects = {

/* Begin PBXBuildFile section */
		3500FA872DD52EFA00B7A0A7 /* ImageGeneratorView.swift in Sources */ = {isa = PBXBuildFile; fileRef = 3500FA852DD52EFA00B7A0A7 /* ImageGeneratorView.swift */; };
		3500FA892DD5309200B7A0A7 /* CGImageExtensions.swift in Sources */ = {isa = PBXBuildFile; fileRef = 3500FA882DD5308900B7A0A7 /* CGImageExtensions.swift */; };
		3500FA8C2DD532F900B7A0A7 /* ColorfulNumberView.swift in Sources */ = {isa = PBXBuildFile; fileRef = 3500FA8B2DD532F600B7A0A7 /* ColorfulNumberView.swift */; };
		3500FA8E2DD5335E00B7A0A7 /* GeneratedImageRawView.swift in Sources */ = {isa = PBXBuildFile; fileRef = 3500FA8D2DD5335C00B7A0A7 /* GeneratedImageRawView.swift */; };
		3500FA902DD5339E00B7A0A7 /* DuplicatedImageRawView.swift in Sources */ = {isa = PBXBuildFile; fileRef = 3500FA8F2DD5339C00B7A0A7 /* DuplicatedImageRawView.swift */; };
		3514C5012C661B3E004523CC /* InfoView.swift in Sources */ = {isa = PBXBuildFile; fileRef = 3514C5002C661B3E004523CC /* InfoView.swift */; };
		3514C5032C66210F004523CC /* AppDelegate.swift in Sources */ = {isa = PBXBuildFile; fileRef = 3514C5022C66210F004523CC /* AppDelegate.swift */; };
		3553597C2C64C747004C172A /* ImageGeneratorApp.swift in Sources */ = {isa = PBXBuildFile; fileRef = 3553597B2C64C747004C172A /* ImageGeneratorApp.swift */; };
		3553597E2C64C747004C172A /* MainView.swift in Sources */ = {isa = PBXBuildFile; fileRef = 3553597D2C64C747004C172A /* MainView.swift */; };
		355359802C64C74A004C172A /* Assets.xcassets in Resources */ = {isa = PBXBuildFile; fileRef = 3553597F2C64C74A004C172A /* Assets.xcassets */; };
		355359832C64C74A004C172A /* Preview Assets.xcassets in Resources */ = {isa = PBXBuildFile; fileRef = 355359822C64C74A004C172A /* Preview Assets.xcassets */; };
		3553598F2C64C855004C172A /* AppState.swift in Sources */ = {isa = PBXBuildFile; fileRef = 3553598E2C64C855004C172A /* AppState.swift */; };
		355359922C64C8A8004C172A /* Settable.swift in Sources */ = {isa = PBXBuildFile; fileRef = 355359912C64C8A8004C172A /* Settable.swift */; };
		355359942C64C91E004C172A /* Constants.swift in Sources */ = {isa = PBXBuildFile; fileRef = 355359932C64C91E004C172A /* Constants.swift */; };
		355359972C64D9A3004C172A /* ImageOutputFormat.swift in Sources */ = {isa = PBXBuildFile; fileRef = 355359962C64D9A3004C172A /* ImageOutputFormat.swift */; };
		355359992C64F4BA004C172A /* JobService.swift in Sources */ = {isa = PBXBuildFile; fileRef = 355359982C64F4BA004C172A /* JobService.swift */; };
		3553599C2C6556C6004C172A /* ViewExtensions.swift in Sources */ = {isa = PBXBuildFile; fileRef = 3553599B2C6556C6004C172A /* ViewExtensions.swift */; };
		3553599F2C655710004C172A /* IsHiddenModifier.swift in Sources */ = {isa = PBXBuildFile; fileRef = 3553599E2C655710004C172A /* IsHiddenModifier.swift */; };
		3557DC1B2DCE010B00BE779E /* NSImageExtensions.swift in Sources */ = {isa = PBXBuildFile; fileRef = 3557DC1A2DCE010100BE779E /* NSImageExtensions.swift */; };
		3562D95D2FBDFA7700A1301B /* ImageOutputSize.swift in Sources */ = {isa = PBXBuildFile; fileRef = 3562D95C2FBDFA7700A1301B /* ImageOutputSize.swift */; };
		3562D95F2FBDFEF400A1301B /* ImageColorSpace.swift in Sources */ = {isa = PBXBuildFile; fileRef = 3562D95E2FBDFEF300A1301B /* ImageColorSpace.swift */; };
		3562D9622FBE080C00A1301B /* ImageGenerationStateUpdateBuilder.swift in Sources */ = {isa = PBXBuildFile; fileRef = 3562D9612FBE080900A1301B /* ImageGenerationStateUpdateBuilder.swift */; };
		3562D9642FBE082400A1301B /* ImageGenerationStateUpdate.swift in Sources */ = {isa = PBXBuildFile; fileRef = 3562D9632FBE082100A1301B /* ImageGenerationStateUpdate.swift */; };
		3562D9662FBF18E800A1301B /* ImageCreationService.swift in Sources */ = {isa = PBXBuildFile; fileRef = 3562D9652FBF18D800A1301B /* ImageCreationService.swift */; };
		3562D9682FBF198200A1301B /* ImageCreationServiceType.swift in Sources */ = {isa = PBXBuildFile; fileRef = 3562D9672FBF197E00A1301B /* ImageCreationServiceType.swift */; };
		3562D96B2FBF350900A1301B /* ImageWriterQueue.swift in Sources */ = {isa = PBXBuildFile; fileRef = 3562D96A2FBF350600A1301B /* ImageWriterQueue.swift */; };
		356760DB2D1404E500625233 /* GenerateView.swift in Sources */ = {isa = PBXBuildFile; fileRef = 356760DA2D1404E500625233 /* GenerateView.swift */; };
		356760DD2D1406F500625233 /* DuplicateView.swift in Sources */ = {isa = PBXBuildFile; fileRef = 356760DC2D1406F500625233 /* DuplicateView.swift */; };
		356760E32D141AAC00625233 /* GenerationMode.swift in Sources */ = {isa = PBXBuildFile; fileRef = 356760E22D141AAC00625233 /* GenerationMode.swift */; };
		3575CC9C2DD73AD900102D4E /* Factory in Frameworks */ = {isa = PBXBuildFile; productRef = 3575CC9B2DD73AD900102D4E /* Factory */; };
		35B8A13A2DD657BD000CFA1B /* ContainerExtensions.swift in Sources */ = {isa = PBXBuildFile; fileRef = 35B8A1392DD657B5000CFA1B /* ContainerExtensions.swift */; };
		35B8A13D2DD65807000CFA1B /* ImageServiceType.swift in Sources */ = {isa = PBXBuildFile; fileRef = 35B8A13C2DD65802000CFA1B /* ImageServiceType.swift */; };
		35B8A1402DD65A28000CFA1B /* ImageData.swift in Sources */ = {isa = PBXBuildFile; fileRef = 35B8A13F2DD65A0F000CFA1B /* ImageData.swift */; };
		35B8A1432DD662F2000CFA1B /* ImageGenerationStrategyFactory.swift in Sources */ = {isa = PBXBuildFile; fileRef = 35B8A1422DD662E7000CFA1B /* ImageGenerationStrategyFactory.swift */; };
		35B8A1452DD66369000CFA1B /* ImageGenerationStrategyType.swift in Sources */ = {isa = PBXBuildFile; fileRef = 35B8A1442DD66367000CFA1B /* ImageGenerationStrategyType.swift */; };
		35B8A1472DD6642C000CFA1B /* ImageGenerationStrategyFactoryType.swift in Sources */ = {isa = PBXBuildFile; fileRef = 35B8A1462DD66427000CFA1B /* ImageGenerationStrategyFactoryType.swift */; };
		35B8A1492DD66598000CFA1B /* ImageGenerationService.swift in Sources */ = {isa = PBXBuildFile; fileRef = 35B8A1482DD66598000CFA1B /* ImageGenerationService.swift */; };
		35B8A14B2DD665CE000CFA1B /* ImageGenerationServiceType.swift in Sources */ = {isa = PBXBuildFile; fileRef = 35B8A14A2DD665CE000CFA1B /* ImageGenerationServiceType.swift */; };
		35B8A14D2DD667B9000CFA1B /* GenerateImageStrategy.swift in Sources */ = {isa = PBXBuildFile; fileRef = 35B8A14C2DD667A7000CFA1B /* GenerateImageStrategy.swift */; };
		35B8A14F2DD668FD000CFA1B /* DuplicateImageStrategy.swift in Sources */ = {isa = PBXBuildFile; fileRef = 35B8A14E2DD668FD000CFA1B /* DuplicateImageStrategy.swift */; };
		35CDEEEB2FC59AE400BEB092 /* CIColorExtensions.swift in Sources */ = {isa = PBXBuildFile; fileRef = 35CDEEEA2FC59ADC00BEB092 /* CIColorExtensions.swift */; };
		35CDEEED2FC5A6FF00BEB092 /* ComputerService.swift in Sources */ = {isa = PBXBuildFile; fileRef = 35CDEEEC2FC5A6F700BEB092 /* ComputerService.swift */; };
		35CDEEEF2FC5A78200BEB092 /* ComputerServiceType.swift in Sources */ = {isa = PBXBuildFile; fileRef = 35CDEEEE2FC5A77C00BEB092 /* ComputerServiceType.swift */; };
		35CDEEF22FC5AD9D00BEB092 /* ChunkingStrategyType.swift in Sources */ = {isa = PBXBuildFile; fileRef = 35CDEEF12FC5AD9900BEB092 /* ChunkingStrategyType.swift */; };
		35CDEEF42FC5ADDD00BEB092 /* MediaType.swift in Sources */ = {isa = PBXBuildFile; fileRef = 35CDEEF32FC5ADD600BEB092 /* MediaType.swift */; };
		35CDEEF62FC5AE4E00BEB092 /* ImageChunkingStrategy.swift in Sources */ = {isa = PBXBuildFile; fileRef = 35CDEEF52FC5AE4900BEB092 /* ImageChunkingStrategy.swift */; };
		35CDEEF82FC5B20F00BEB092 /* VideoChunkingStrategy.swift in Sources */ = {isa = PBXBuildFile; fileRef = 35CDEEF72FC5B20B00BEB092 /* VideoChunkingStrategy.swift */; };
		35CDEEFA2FC5B48000BEB092 /* ChunkingStrategyFactoryType.swift in Sources */ = {isa = PBXBuildFile; fileRef = 35CDEEF92FC5B48000BEB092 /* ChunkingStrategyFactoryType.swift */; };
		35CDEEFC2FC5B4EB00BEB092 /* ChunkingStrategyFactory.swift in Sources */ = {isa = PBXBuildFile; fileRef = 35CDEEFB2FC5B4EB00BEB092 /* ChunkingStrategyFactory.swift */; };
		35CDEEFE2FC5C99100BEB092 /* ImageWritingStrategyType.swift in Sources */ = {isa = PBXBuildFile; fileRef = 35CDEEFD2FC5C98B00BEB092 /* ImageWritingStrategyType.swift */; };
		35CDEF002FC5CA8E00BEB092 /* JpegWritingStrategy.swift in Sources */ = {isa = PBXBuildFile; fileRef = 35CDEEFF2FC5CA8300BEB092 /* JpegWritingStrategy.swift */; };
		35CDEF022FC5CB3900BEB092 /* PngWritingStrategy.swift in Sources */ = {isa = PBXBuildFile; fileRef = 35CDEF012FC5CB3200BEB092 /* PngWritingStrategy.swift */; };
		35CDEF042FC5CB9E00BEB092 /* BmpWritingStrategy.swift in Sources */ = {isa = PBXBuildFile; fileRef = 35CDEF032FC5CB9700BEB092 /* BmpWritingStrategy.swift */; };
		35CDEF062FC5CD6000BEB092 /* ImageWritingStrategyFactoryType.swift in Sources */ = {isa = PBXBuildFile; fileRef = 35CDEF052FC5CD6000BEB092 /* ImageWritingStrategyFactoryType.swift */; };
		35CDEF082FC5CDC600BEB092 /* ImageWritingStrategyFactory.swift in Sources */ = {isa = PBXBuildFile; fileRef = 35CDEF072FC5CDC600BEB092 /* ImageWritingStrategyFactory.swift */; };
		35CDEF0A2FC5D55E00BEB092 /* MediaWritingService.swift in Sources */ = {isa = PBXBuildFile; fileRef = 35CDEF092FC5D54C00BEB092 /* MediaWritingService.swift */; };
		35CDEF0E2FC5DF6400BEB092 /* MediaWritingServiceType.swift in Sources */ = {isa = PBXBuildFile; fileRef = 35CDEF0D2FC5DF5D00BEB092 /* MediaWritingServiceType.swift */; };
		35CDEF112FC5EFA900BEB092 /* CmykWritingStrategy.swift in Sources */ = {isa = PBXBuildFile; fileRef = 35CDEF102FC5EFA100BEB092 /* CmykWritingStrategy.swift */; };
		35CDEF132FC5F7A100BEB092 /* TiffWritingStrategy.swift in Sources */ = {isa = PBXBuildFile; fileRef = 35CDEF122FC5F79D00BEB092 /* TiffWritingStrategy.swift */; };
		35EFF9102C7B1D32002BCA04 /* NoInsetHostingView.swift in Sources */ = {isa = PBXBuildFile; fileRef = 35EFF90F2C7B1D32002BCA04 /* NoInsetHostingView.swift */; };
/* End PBXBuildFile section */

/* Begin PBXFileReference section */
		3500FA852DD52EFA00B7A0A7 /* ImageGeneratorView.swift */ = {isa = PBXFileReference; lastKnownFileType = sourcecode.swift; path = ImageGeneratorView.swift; sourceTree = "<group>"; };
		3500FA882DD5308900B7A0A7 /* CGImageExtensions.swift */ = {isa = PBXFileReference; lastKnownFileType = sourcecode.swift; path = CGImageExtensions.swift; sourceTree = "<group>"; };
		3500FA8B2DD532F600B7A0A7 /* ColorfulNumberView.swift */ = {isa = PBXFileReference; lastKnownFileType = sourcecode.swift; path = ColorfulNumberView.swift; sourceTree = "<group>"; };
		3500FA8D2DD5335C00B7A0A7 /* GeneratedImageRawView.swift */ = {isa = PBXFileReference; lastKnownFileType = sourcecode.swift; path = GeneratedImageRawView.swift; sourceTree = "<group>"; };
		3500FA8F2DD5339C00B7A0A7 /* DuplicatedImageRawView.swift */ = {isa = PBXFileReference; lastKnownFileType = sourcecode.swift; path = DuplicatedImageRawView.swift; sourceTree = "<group>"; };
		3514C5002C661B3E004523CC /* InfoView.swift */ = {isa = PBXFileReference; lastKnownFileType = sourcecode.swift; path = InfoView.swift; sourceTree = "<group>"; };
		3514C5022C66210F004523CC /* AppDelegate.swift */ = {isa = PBXFileReference; lastKnownFileType = sourcecode.swift; path = AppDelegate.swift; sourceTree = "<group>"; };
		355359782C64C747004C172A /* ImageGenerator.app */ = {isa = PBXFileReference; explicitFileType = wrapper.application; includeInIndex = 0; path = ImageGenerator.app; sourceTree = BUILT_PRODUCTS_DIR; };
		3553597B2C64C747004C172A /* ImageGeneratorApp.swift */ = {isa = PBXFileReference; lastKnownFileType = sourcecode.swift; path = ImageGeneratorApp.swift; sourceTree = "<group>"; };
		3553597D2C64C747004C172A /* MainView.swift */ = {isa = PBXFileReference; lastKnownFileType = sourcecode.swift; path = MainView.swift; sourceTree = "<group>"; };
		3553597F2C64C74A004C172A /* Assets.xcassets */ = {isa = PBXFileReference; lastKnownFileType = folder.assetcatalog; path = Assets.xcassets; sourceTree = "<group>"; };
		355359822C64C74A004C172A /* Preview Assets.xcassets */ = {isa = PBXFileReference; lastKnownFileType = folder.assetcatalog; path = "Preview Assets.xcassets"; sourceTree = "<group>"; };
		355359842C64C74A004C172A /* ImageGenerator.entitlements */ = {isa = PBXFileReference; lastKnownFileType = text.plist.entitlements; path = ImageGenerator.entitlements; sourceTree = "<group>"; };
		3553598E2C64C855004C172A /* AppState.swift */ = {isa = PBXFileReference; lastKnownFileType = sourcecode.swift; path = AppState.swift; sourceTree = "<group>"; };
		355359912C64C8A8004C172A /* Settable.swift */ = {isa = PBXFileReference; lastKnownFileType = sourcecode.swift; path = Settable.swift; sourceTree = "<group>"; };
		355359932C64C91E004C172A /* Constants.swift */ = {isa = PBXFileReference; lastKnownFileType = sourcecode.swift; path = Constants.swift; sourceTree = "<group>"; };
		355359962C64D9A3004C172A /* ImageOutputFormat.swift */ = {isa = PBXFileReference; lastKnownFileType = sourcecode.swift; path = ImageOutputFormat.swift; sourceTree = "<group>"; };
		355359982C64F4BA004C172A /* JobService.swift */ = {isa = PBXFileReference; lastKnownFileType = sourcecode.swift; path = JobService.swift; sourceTree = "<group>"; };
		3553599B2C6556C6004C172A /* ViewExtensions.swift */ = {isa = PBXFileReference; lastKnownFileType = sourcecode.swift; path = ViewExtensions.swift; sourceTree = "<group>"; };
		3553599E2C655710004C172A /* IsHiddenModifier.swift */ = {isa = PBXFileReference; lastKnownFileType = sourcecode.swift; path = IsHiddenModifier.swift; sourceTree = "<group>"; };
		3557DC1A2DCE010100BE779E /* NSImageExtensions.swift */ = {isa = PBXFileReference; lastKnownFileType = sourcecode.swift; path = NSImageExtensions.swift; sourceTree = "<group>"; };
		3562D95C2FBDFA7700A1301B /* ImageOutputSize.swift */ = {isa = PBXFileReference; lastKnownFileType = sourcecode.swift; path = ImageOutputSize.swift; sourceTree = "<group>"; };
		3562D95E2FBDFEF300A1301B /* ImageColorSpace.swift */ = {isa = PBXFileReference; lastKnownFileType = sourcecode.swift; path = ImageColorSpace.swift; sourceTree = "<group>"; };
		3562D9612FBE080900A1301B /* ImageGenerationStateUpdateBuilder.swift */ = {isa = PBXFileReference; lastKnownFileType = sourcecode.swift; path = ImageGenerationStateUpdateBuilder.swift; sourceTree = "<group>"; };
		3562D9632FBE082100A1301B /* ImageGenerationStateUpdate.swift */ = {isa = PBXFileReference; lastKnownFileType = sourcecode.swift; path = ImageGenerationStateUpdate.swift; sourceTree = "<group>"; };
		3562D9652FBF18D800A1301B /* ImageCreationService.swift */ = {isa = PBXFileReference; lastKnownFileType = sourcecode.swift; path = ImageCreationService.swift; sourceTree = "<group>"; };
		3562D9672FBF197E00A1301B /* ImageCreationServiceType.swift */ = {isa = PBXFileReference; lastKnownFileType = sourcecode.swift; path = ImageCreationServiceType.swift; sourceTree = "<group>"; };
		3562D96A2FBF350600A1301B /* ImageWriterQueue.swift */ = {isa = PBXFileReference; lastKnownFileType = sourcecode.swift; path = ImageWriterQueue.swift; sourceTree = "<group>"; };
		356760DA2D1404E500625233 /* GenerateView.swift */ = {isa = PBXFileReference; lastKnownFileType = sourcecode.swift; path = GenerateView.swift; sourceTree = "<group>"; };
		356760DC2D1406F500625233 /* DuplicateView.swift */ = {isa = PBXFileReference; lastKnownFileType = sourcecode.swift; path = DuplicateView.swift; sourceTree = "<group>"; };
		356760E22D141AAC00625233 /* GenerationMode.swift */ = {isa = PBXFileReference; lastKnownFileType = sourcecode.swift; path = GenerationMode.swift; sourceTree = "<group>"; };
		35B8A1392DD657B5000CFA1B /* ContainerExtensions.swift */ = {isa = PBXFileReference; lastKnownFileType = sourcecode.swift; path = ContainerExtensions.swift; sourceTree = "<group>"; };
		35B8A13C2DD65802000CFA1B /* ImageServiceType.swift */ = {isa = PBXFileReference; lastKnownFileType = sourcecode.swift; path = ImageServiceType.swift; sourceTree = "<group>"; };
		35B8A13F2DD65A0F000CFA1B /* ImageData.swift */ = {isa = PBXFileReference; lastKnownFileType = sourcecode.swift; path = ImageData.swift; sourceTree = "<group>"; };
		35B8A1422DD662E7000CFA1B /* ImageGenerationStrategyFactory.swift */ = {isa = PBXFileReference; lastKnownFileType = sourcecode.swift; path = ImageGenerationStrategyFactory.swift; sourceTree = "<group>"; };
		35B8A1442DD66367000CFA1B /* ImageGenerationStrategyType.swift */ = {isa = PBXFileReference; lastKnownFileType = sourcecode.swift; path = ImageGenerationStrategyType.swift; sourceTree = "<group>"; };
		35B8A1462DD66427000CFA1B /* ImageGenerationStrategyFactoryType.swift */ = {isa = PBXFileReference; lastKnownFileType = sourcecode.swift; path = ImageGenerationStrategyFactoryType.swift; sourceTree = "<group>"; };
		35B8A1482DD66598000CFA1B /* ImageGenerationService.swift */ = {isa = PBXFileReference; lastKnownFileType = sourcecode.swift; path = ImageGenerationService.swift; sourceTree = "<group>"; };
		35B8A14A2DD665CE000CFA1B /* ImageGenerationServiceType.swift */ = {isa = PBXFileReference; lastKnownFileType = sourcecode.swift; path = ImageGenerationServiceType.swift; sourceTree = "<group>"; };
		35B8A14C2DD667A7000CFA1B /* GenerateImageStrategy.swift */ = {isa = PBXFileReference; lastKnownFileType = sourcecode.swift; path = GenerateImageStrategy.swift; sourceTree = "<group>"; };
		35B8A14E2DD668FD000CFA1B /* DuplicateImageStrategy.swift */ = {isa = PBXFileReference; lastKnownFileType = sourcecode.swift; path = DuplicateImageStrategy.swift; sourceTree = "<group>"; };
		35CDEEEA2FC59ADC00BEB092 /* CIColorExtensions.swift */ = {isa = PBXFileReference; lastKnownFileType = sourcecode.swift; path = CIColorExtensions.swift; sourceTree = "<group>"; };
		35CDEEEC2FC5A6F700BEB092 /* ComputerService.swift */ = {isa = PBXFileReference; lastKnownFileType = sourcecode.swift; path = ComputerService.swift; sourceTree = "<group>"; };
		35CDEEEE2FC5A77C00BEB092 /* ComputerServiceType.swift */ = {isa = PBXFileReference; lastKnownFileType = sourcecode.swift; path = ComputerServiceType.swift; sourceTree = "<group>"; };
		35CDEEF12FC5AD9900BEB092 /* ChunkingStrategyType.swift */ = {isa = PBXFileReference; lastKnownFileType = sourcecode.swift; path = ChunkingStrategyType.swift; sourceTree = "<group>"; };
		35CDEEF32FC5ADD600BEB092 /* MediaType.swift */ = {isa = PBXFileReference; lastKnownFileType = sourcecode.swift; path = MediaType.swift; sourceTree = "<group>"; };
		35CDEEF52FC5AE4900BEB092 /* ImageChunkingStrategy.swift */ = {isa = PBXFileReference; lastKnownFileType = sourcecode.swift; path = ImageChunkingStrategy.swift; sourceTree = "<group>"; };
		35CDEEF72FC5B20B00BEB092 /* VideoChunkingStrategy.swift */ = {isa = PBXFileReference; lastKnownFileType = sourcecode.swift; path = VideoChunkingStrategy.swift; sourceTree = "<group>"; };
		35CDEEF92FC5B48000BEB092 /* ChunkingStrategyFactoryType.swift */ = {isa = PBXFileReference; lastKnownFileType = sourcecode.swift; path = ChunkingStrategyFactoryType.swift; sourceTree = "<group>"; };
		35CDEEFB2FC5B4EB00BEB092 /* ChunkingStrategyFactory.swift */ = {isa = PBXFileReference; lastKnownFileType = sourcecode.swift; path = ChunkingStrategyFactory.swift; sourceTree = "<group>"; };
		35CDEEFD2FC5C98B00BEB092 /* ImageWritingStrategyType.swift */ = {isa = PBXFileReference; lastKnownFileType = sourcecode.swift; path = ImageWritingStrategyType.swift; sourceTree = "<group>"; };
		35CDEEFF2FC5CA8300BEB092 /* JpegWritingStrategy.swift */ = {isa = PBXFileReference; lastKnownFileType = sourcecode.swift; path = JpegWritingStrategy.swift; sourceTree = "<group>"; };
		35CDEF012FC5CB3200BEB092 /* PngWritingStrategy.swift */ = {isa = PBXFileReference; lastKnownFileType = sourcecode.swift; path = PngWritingStrategy.swift; sourceTree = "<group>"; };
		35CDEF032FC5CB9700BEB092 /* BmpWritingStrategy.swift */ = {isa = PBXFileReference; lastKnownFileType = sourcecode.swift; path = BmpWritingStrategy.swift; sourceTree = "<group>"; };
		35CDEF052FC5CD6000BEB092 /* ImageWritingStrategyFactoryType.swift */ = {isa = PBXFileReference; lastKnownFileType = sourcecode.swift; path = ImageWritingStrategyFactoryType.swift; sourceTree = "<group>"; };
		35CDEF072FC5CDC600BEB092 /* ImageWritingStrategyFactory.swift */ = {isa = PBXFileReference; lastKnownFileType = sourcecode.swift; path = ImageWritingStrategyFactory.swift; sourceTree = "<group>"; };
		35CDEF092FC5D54C00BEB092 /* MediaWritingService.swift */ = {isa = PBXFileReference; lastKnownFileType = sourcecode.swift; path = MediaWritingService.swift; sourceTree = "<group>"; };
		35CDEF0D2FC5DF5D00BEB092 /* MediaWritingServiceType.swift */ = {isa = PBXFileReference; lastKnownFileType = sourcecode.swift; path = MediaWritingServiceType.swift; sourceTree = "<group>"; };
		35CDEF102FC5EFA100BEB092 /* CmykWritingStrategy.swift */ = {isa = PBXFileReference; lastKnownFileType = sourcecode.swift; path = CmykWritingStrategy.swift; sourceTree = "<group>"; };
		35CDEF122FC5F79D00BEB092 /* TiffWritingStrategy.swift */ = {isa = PBXFileReference; lastKnownFileType = sourcecode.swift; path = TiffWritingStrategy.swift; sourceTree = "<group>"; };
		35EFF90F2C7B1D32002BCA04 /* NoInsetHostingView.swift */ = {isa = PBXFileReference; lastKnownFileType = sourcecode.swift; path = NoInsetHostingView.swift; sourceTree = "<group>"; };
/* End PBXFileReference section */

/* Begin PBXFrameworksBuildPhase section */
		355359752C64C747004C172A /* Frameworks */ = {
			isa = PBXFrameworksBuildPhase;
			buildActionMask = 2147483647;
			files = (
				3575CC9C2DD73AD900102D4E /* Factory in Frameworks */,
			);
			runOnlyForDeploymentPostprocessing = 0;
		};
/* End PBXFrameworksBuildPhase section */

/* Begin PBXGroup section */
		3500FA862DD52EFA00B7A0A7 /* Protocols */ = {
			isa = PBXGroup;
			children = (
				3500FA8B2DD532F600B7A0A7 /* ColorfulNumberView.swift */,
				3500FA852DD52EFA00B7A0A7 /* ImageGeneratorView.swift */,
			);
			path = Protocols;
			sourceTree = "<group>";
		};
		3553596F2C64C747004C172A = {
			isa = PBXGroup;
			children = (
				3553597A2C64C747004C172A /* ImageGenerator */,
				35B8A1352DD65742000CFA1B /* Frameworks */,
				355359792C64C747004C172A /* Products */,
			);
			sourceTree = "<group>";
		};
		355359792C64C747004C172A /* Products */ = {
			isa = PBXGroup;
			children = (
				355359782C64C747004C172A /* ImageGenerator.app */,
			);
			name = Products;
			sourceTree = "<group>";
		};
		3553597A2C64C747004C172A /* ImageGenerator */ = {
			isa = PBXGroup;
			children = (
				3553597B2C64C747004C172A /* ImageGeneratorApp.swift */,
				3553597F2C64C74A004C172A /* Assets.xcassets */,
				355359842C64C74A004C172A /* ImageGenerator.entitlements */,
				3553598B2C64C814004C172A /* Infrastructure */,
				3557DC192DCE00F800BE779E /* Extensions */,
				355359902C64C87C004C172A /* Protocols */,
				355359952C64D970004C172A /* Enums */,
				35B8A13E2DD6597A000CFA1B /* Models */,
				3553598C2C64C823004C172A /* Services */,
				3553598D2C64C832004C172A /* Views */,
				355359812C64C74A004C172A /* Preview Content */,
			);
			path = ImageGenerator;
			sourceTree = "<group>";
		};
		355359812C64C74A004C172A /* Preview Content */ = {
			isa = PBXGroup;
			children = (
				355359822C64C74A004C172A /* Preview Assets.xcassets */,
			);
			path = "Preview Content";
			sourceTree = "<group>";
		};
		3553598B2C64C814004C172A /* Infrastructure */ = {
			isa = PBXGroup;
			children = (
				355359932C64C91E004C172A /* Constants.swift */,
				3553598E2C64C855004C172A /* AppState.swift */,
				3514C5022C66210F004523CC /* AppDelegate.swift */,
			);
			path = Infrastructure;
			sourceTree = "<group>";
		};
		3553598C2C64C823004C172A /* Services */ = {
			isa = PBXGroup;
			children = (
				3562D9692FBF34FA00A1301B /* Actors */,
				3562D9602FBE07FB00A1301B /* Builders */,
				35B8A1412DD662CB000CFA1B /* Strategies */,
				3562D9652FBF18D800A1301B /* ImageCreationService.swift */,
				35B8A1482DD66598000CFA1B /* ImageGenerationService.swift */,
				355359982C64F4BA004C172A /* JobService.swift */,
				35CDEF092FC5D54C00BEB092 /* MediaWritingService.swift */,
				35CDEEEC2FC5A6F700BEB092 /* ComputerService.swift */,
			);
			path = Services;
			sourceTree = "<group>";
		};
		3553598D2C64C832004C172A /* Views */ = {
			isa = PBXGroup;
			children = (
				3500FA862DD52EFA00B7A0A7 /* Protocols */,
				35EFF90E2C7B1D19002BCA04 /* Controls */,
				3553599D2C6556FB004C172A /* Modifiers */,
				3553599A2C6556B6004C172A /* Extensions */,
				3553597D2C64C747004C172A /* MainView.swift */,
				356760DA2D1404E500625233 /* GenerateView.swift */,
				356760DC2D1406F500625233 /* DuplicateView.swift */,
				3514C5002C661B3E004523CC /* InfoView.swift */,
			);
			path = Views;
			sourceTree = "<group>";
		};
		355359902C64C87C004C172A /* Protocols */ = {
			isa = PBXGroup;
			children = (
				355359912C64C8A8004C172A /* Settable.swift */,
				35CDEEF02FC5AC7F00BEB092 /* Strategies */,
				35B8A13B2DD657F7000CFA1B /* Services */,
			);
			path = Protocols;
			sourceTree = "<group>";
		};
		355359952C64D970004C172A /* Enums */ = {
			isa = PBXGroup;
			children = (
				35CDEEF32FC5ADD600BEB092 /* MediaType.swift */,
				356760E22D141AAC00625233 /* GenerationMode.swift */,
				355359962C64D9A3004C172A /* ImageOutputFormat.swift */,
				3562D95C2FBDFA7700A1301B /* ImageOutputSize.swift */,
				3562D95E2FBDFEF300A1301B /* ImageColorSpace.swift */,
			);
			path = Enums;
			sourceTree = "<group>";
		};
		3553599A2C6556B6004C172A /* Extensions */ = {
			isa = PBXGroup;
			children = (
				3553599B2C6556C6004C172A /* ViewExtensions.swift */,
			);
			path = Extensions;
			sourceTree = "<group>";
		};
		3553599D2C6556FB004C172A /* Modifiers */ = {
			isa = PBXGroup;
			children = (
				3553599E2C655710004C172A /* IsHiddenModifier.swift */,
			);
			path = Modifiers;
			sourceTree = "<group>";
		};
		3557DC192DCE00F800BE779E /* Extensions */ = {
			isa = PBXGroup;
			children = (
				35B8A1392DD657B5000CFA1B /* ContainerExtensions.swift */,
				3500FA882DD5308900B7A0A7 /* CGImageExtensions.swift */,
				3557DC1A2DCE010100BE779E /* NSImageExtensions.swift */,
				35CDEEEA2FC59ADC00BEB092 /* CIColorExtensions.swift */,
			);
			path = Extensions;
			sourceTree = "<group>";
		};
		3562D9602FBE07FB00A1301B /* Builders */ = {
			isa = PBXGroup;
			children = (
				3562D9612FBE080900A1301B /* ImageGenerationStateUpdateBuilder.swift */,
			);
			path = Builders;
			sourceTree = "<group>";
		};
		3562D9692FBF34FA00A1301B /* Actors */ = {
			isa = PBXGroup;
			children = (
				3562D96A2FBF350600A1301B /* ImageWriterQueue.swift */,
			);
			path = Actors;
			sourceTree = "<group>";
		};
		35B8A1352DD65742000CFA1B /* Frameworks */ = {
			isa = PBXGroup;
			children = (
			);
			name = Frameworks;
			sourceTree = "<group>";
		};
		35B8A13B2DD657F7000CFA1B /* Services */ = {
			isa = PBXGroup;
			children = (
				35B8A13C2DD65802000CFA1B /* ImageServiceType.swift */,
				3562D9672FBF197E00A1301B /* ImageCreationServiceType.swift */,
				35B8A14A2DD665CE000CFA1B /* ImageGenerationServiceType.swift */,
				35CDEF0D2FC5DF5D00BEB092 /* MediaWritingServiceType.swift */,
				35CDEEEE2FC5A77C00BEB092 /* ComputerServiceType.swift */,
			);
			path = Services;
			sourceTree = "<group>";
		};
		35B8A13E2DD6597A000CFA1B /* Models */ = {
			isa = PBXGroup;
			children = (
				3562D9632FBE082100A1301B /* ImageGenerationStateUpdate.swift */,
				35B8A13F2DD65A0F000CFA1B /* ImageData.swift */,
			);
			path = Models;
			sourceTree = "<group>";
		};
		35B8A1412DD662CB000CFA1B /* Strategies */ = {
			isa = PBXGroup;
			children = (
				35B8A1422DD662E7000CFA1B /* ImageGenerationStrategyFactory.swift */,
				35B8A14C2DD667A7000CFA1B /* GenerateImageStrategy.swift */,
				35B8A14E2DD668FD000CFA1B /* DuplicateImageStrategy.swift */,
				35CDEEFB2FC5B4EB00BEB092 /* ChunkingStrategyFactory.swift */,
				35CDEEF52FC5AE4900BEB092 /* ImageChunkingStrategy.swift */,
				35CDEEF72FC5B20B00BEB092 /* VideoChunkingStrategy.swift */,
				35CDEF072FC5CDC600BEB092 /* ImageWritingStrategyFactory.swift */,
				35CDEF102FC5EFA100BEB092 /* CmykWritingStrategy.swift */,
				35CDEEFF2FC5CA8300BEB092 /* JpegWritingStrategy.swift */,
				35CDEF012FC5CB3200BEB092 /* PngWritingStrategy.swift */,
				35CDEF032FC5CB9700BEB092 /* BmpWritingStrategy.swift */,
				35CDEF122FC5F79D00BEB092 /* TiffWritingStrategy.swift */,
			);
			path = Strategies;
			sourceTree = "<group>";
		};
		35CDEEF02FC5AC7F00BEB092 /* Strategies */ = {
			isa = PBXGroup;
			children = (
				35B8A1462DD66427000CFA1B /* ImageGenerationStrategyFactoryType.swift */,
				35B8A1442DD66367000CFA1B /* ImageGenerationStrategyType.swift */,
				35CDEEF92FC5B48000BEB092 /* ChunkingStrategyFactoryType.swift */,
				35CDEEF12FC5AD9900BEB092 /* ChunkingStrategyType.swift */,
				35CDEF052FC5CD6000BEB092 /* ImageWritingStrategyFactoryType.swift */,
				35CDEEFD2FC5C98B00BEB092 /* ImageWritingStrategyType.swift */,
			);
			path = Strategies;
			sourceTree = "<group>";
		};
		35EFF90E2C7B1D19002BCA04 /* Controls */ = {
			isa = PBXGroup;
			children = (
				35EFF90F2C7B1D32002BCA04 /* NoInsetHostingView.swift */,
				3500FA8D2DD5335C00B7A0A7 /* GeneratedImageRawView.swift */,
				3500FA8F2DD5339C00B7A0A7 /* DuplicatedImageRawView.swift */,
			);
			path = Controls;
			sourceTree = "<group>";
		};
/* End PBXGroup section */

/* Begin PBXNativeTarget section */
		355359772C64C747004C172A /* ImageGenerator */ = {
			isa = PBXNativeTarget;
			buildConfigurationList = 355359872C64C74A004C172A /* Build configuration list for PBXNativeTarget "ImageGenerator" */;
			buildPhases = (
				355359742C64C747004C172A /* Sources */,
				355359752C64C747004C172A /* Frameworks */,
				355359762C64C747004C172A /* Resources */,
			);
			buildRules = (
			);
			dependencies = (
			);
			name = ImageGenerator;
			productName = ImageGenerator;
			productReference = 355359782C64C747004C172A /* ImageGenerator.app */;
			productType = "com.apple.product-type.application";
		};
/* End PBXNativeTarget section */

/* Begin PBXProject section */
		355359702C64C747004C172A /* Project object */ = {
			isa = PBXProject;
			attributes = {
				BuildIndependentTargetsInParallel = 1;
				LastSwiftUpdateCheck = 1540;
				LastUpgradeCheck = 1630;
				TargetAttributes = {
					355359772C64C747004C172A = {
						CreatedOnToolsVersion = 15.4;
					};
				};
			};
			buildConfigurationList = 355359732C64C747004C172A /* Build configuration list for PBXProject "ImageGenerator" */;
			compatibilityVersion = "Xcode 14.0";
			developmentRegion = en;
			hasScannedForEncodings = 0;
			knownRegions = (
				en,
				Base,
			);
			mainGroup = 3553596F2C64C747004C172A;
			packageReferences = (
				3575CC9A2DD73AD900102D4E /* XCRemoteSwiftPackageReference "Factory" */,
			);
			productRefGroup = 355359792C64C747004C172A /* Products */;
			projectDirPath = "";
			projectRoot = "";
			targets = (
				355359772C64C747004C172A /* ImageGenerator */,
			);
		};
/* End PBXProject section */

/* Begin PBXResourcesBuildPhase section */
		355359762C64C747004C172A /* Resources */ = {
			isa = PBXResourcesBuildPhase;
			buildActionMask = 2147483647;
			files = (
				355359832C64C74A004C172A /* Preview Assets.xcassets in Resources */,
				355359802C64C74A004C172A /* Assets.xcassets in Resources */,
			);
			runOnlyForDeploymentPostprocessing = 0;
		};
/* End PBXResourcesBuildPhase section */

/* Begin PBXSourcesBuildPhase section */
		355359742C64C747004C172A /* Sources */ = {
			isa = PBXSourcesBuildPhase;
			buildActionMask = 2147483647;
			files = (
				35CDEF062FC5CD6000BEB092 /* ImageWritingStrategyFactoryType.swift in Sources */,
				3562D96B2FBF350900A1301B /* ImageWriterQueue.swift in Sources */,
				35B8A13D2DD65807000CFA1B /* ImageServiceType.swift in Sources */,
				3562D95D2FBDFA7700A1301B /* ImageOutputSize.swift in Sources */,
				35CDEF132FC5F7A100BEB092 /* TiffWritingStrategy.swift in Sources */,
				3514C5032C66210F004523CC /* AppDelegate.swift in Sources */,
				35B8A13A2DD657BD000CFA1B /* ContainerExtensions.swift in Sources */,
				35CDEEFA2FC5B48000BEB092 /* ChunkingStrategyFactoryType.swift in Sources */,
				356760E32D141AAC00625233 /* GenerationMode.swift in Sources */,
				35CDEEF42FC5ADDD00BEB092 /* MediaType.swift in Sources */,
				35CDEEF62FC5AE4E00BEB092 /* ImageChunkingStrategy.swift in Sources */,
				35CDEEEB2FC59AE400BEB092 /* CIColorExtensions.swift in Sources */,
				35B8A1432DD662F2000CFA1B /* ImageGenerationStrategyFactory.swift in Sources */,
				35CDEEED2FC5A6FF00BEB092 /* ComputerService.swift in Sources */,
				35B8A1492DD66598000CFA1B /* ImageGenerationService.swift in Sources */,
				35CDEF022FC5CB3900BEB092 /* PngWritingStrategy.swift in Sources */,
				355359942C64C91E004C172A /* Constants.swift in Sources */,
				35CDEEF22FC5AD9D00BEB092 /* ChunkingStrategyType.swift in Sources */,
				3562D9622FBE080C00A1301B /* ImageGenerationStateUpdateBuilder.swift in Sources */,
				3562D9682FBF198200A1301B /* ImageCreationServiceType.swift in Sources */,
				35CDEEEF2FC5A78200BEB092 /* ComputerServiceType.swift in Sources */,
				3562D95F2FBDFEF400A1301B /* ImageColorSpace.swift in Sources */,
				35EFF9102C7B1D32002BCA04 /* NoInsetHostingView.swift in Sources */,
				3553599F2C655710004C172A /* IsHiddenModifier.swift in Sources */,
				35CDEEF82FC5B20F00BEB092 /* VideoChunkingStrategy.swift in Sources */,
				355359972C64D9A3004C172A /* ImageOutputFormat.swift in Sources */,
				3562D9642FBE082400A1301B /* ImageGenerationStateUpdate.swift in Sources */,
				3562D9662FBF18E800A1301B /* ImageCreationService.swift in Sources */,
				3553599C2C6556C6004C172A /* ViewExtensions.swift in Sources */,
				3500FA8C2DD532F900B7A0A7 /* ColorfulNumberView.swift in Sources */,
				3553598F2C64C855004C172A /* AppState.swift in Sources */,
				35B8A14F2DD668FD000CFA1B /* DuplicateImageStrategy.swift in Sources */,
				35CDEF112FC5EFA900BEB092 /* CmykWritingStrategy.swift in Sources */,
				355359922C64C8A8004C172A /* Settable.swift in Sources */,
				35B8A1472DD6642C000CFA1B /* ImageGenerationStrategyFactoryType.swift in Sources */,
				35CDEEFE2FC5C99100BEB092 /* ImageWritingStrategyType.swift in Sources */,
				35CDEEFC2FC5B4EB00BEB092 /* ChunkingStrategyFactory.swift in Sources */,
				3553597E2C64C747004C172A /* MainView.swift in Sources */,
				35CDEF082FC5CDC600BEB092 /* ImageWritingStrategyFactory.swift in Sources */,
				35B8A1452DD66369000CFA1B /* ImageGenerationStrategyType.swift in Sources */,
				3557DC1B2DCE010B00BE779E /* NSImageExtensions.swift in Sources */,
				35CDEF0A2FC5D55E00BEB092 /* MediaWritingService.swift in Sources */,
				356760DB2D1404E500625233 /* GenerateView.swift in Sources */,
				3500FA8E2DD5335E00B7A0A7 /* GeneratedImageRawView.swift in Sources */,
				3553597C2C64C747004C172A /* ImageGeneratorApp.swift in Sources */,
				3500FA892DD5309200B7A0A7 /* CGImageExtensions.swift in Sources */,
				35CDEF042FC5CB9E00BEB092 /* BmpWritingStrategy.swift in Sources */,
				35B8A14B2DD665CE000CFA1B /* ImageGenerationServiceType.swift in Sources */,
				3514C5012C661B3E004523CC /* InfoView.swift in Sources */,
				355359992C64F4BA004C172A /* JobService.swift in Sources */,
				356760DD2D1406F500625233 /* DuplicateView.swift in Sources */,
				3500FA902DD5339E00B7A0A7 /* DuplicatedImageRawView.swift in Sources */,
				35CDEF002FC5CA8E00BEB092 /* JpegWritingStrategy.swift in Sources */,
				35B8A14D2DD667B9000CFA1B /* GenerateImageStrategy.swift in Sources */,
				3500FA872DD52EFA00B7A0A7 /* ImageGeneratorView.swift in Sources */,
				35B8A1402DD65A28000CFA1B /* ImageData.swift in Sources */,
				35CDEF0E2FC5DF6400BEB092 /* MediaWritingServiceType.swift in Sources */,
			);
			runOnlyForDeploymentPostprocessing = 0;
		};
/* End PBXSourcesBuildPhase section */

/* Begin XCBuildConfiguration section */
		355359852C64C74A004C172A /* Debug */ = {
			isa = XCBuildConfiguration;
			buildSettings = {
				ALWAYS_SEARCH_USER_PATHS = NO;
				ASSETCATALOG_COMPILER_GENERATE_SWIFT_ASSET_SYMBOL_EXTENSIONS = YES;
				CLANG_ANALYZER_NONNULL = YES;
				CLANG_ANALYZER_NUMBER_OBJECT_CONVERSION = YES_AGGRESSIVE;
				CLANG_CXX_LANGUAGE_STANDARD = "gnu++20";
				CLANG_ENABLE_MODULES = YES;
				CLANG_ENABLE_OBJC_ARC = YES;
				CLANG_ENABLE_OBJC_WEAK = YES;
				CLANG_WARN_BLOCK_CAPTURE_AUTORELEASING = YES;
				CLANG_WARN_BOOL_CONVERSION = YES;
				CLANG_WARN_COMMA = YES;
				CLANG_WARN_CONSTANT_CONVERSION = YES;
				CLANG_WARN_DEPRECATED_OBJC_IMPLEMENTATIONS = YES;
				CLANG_WARN_DIRECT_OBJC_ISA_USAGE = YES_ERROR;
				CLANG_WARN_DOCUMENTATION_COMMENTS = YES;
				CLANG_WARN_EMPTY_BODY = YES;
				CLANG_WARN_ENUM_CONVERSION = YES;
				CLANG_WARN_INFINITE_RECURSION = YES;
				CLANG_WARN_INT_CONVERSION = YES;
				CLANG_WARN_NON_LITERAL_NULL_CONVERSION = YES;
				CLANG_WARN_OBJC_IMPLICIT_RETAIN_SELF = YES;
				CLANG_WARN_OBJC_LITERAL_CONVERSION = YES;
				CLANG_WARN_OBJC_ROOT_CLASS = YES_ERROR;
				CLANG_WARN_QUOTED_INCLUDE_IN_FRAMEWORK_HEADER = YES;
				CLANG_WARN_RANGE_LOOP_ANALYSIS = YES;
				CLANG_WARN_STRICT_PROTOTYPES = YES;
				CLANG_WARN_SUSPICIOUS_MOVE = YES;
				CLANG_WARN_UNGUARDED_AVAILABILITY = YES_AGGRESSIVE;
				CLANG_WARN_UNREACHABLE_CODE = YES;
				CLANG_WARN__DUPLICATE_METHOD_MATCH = YES;
				COPY_PHASE_STRIP = NO;
				DEAD_CODE_STRIPPING = YES;
				DEBUG_INFORMATION_FORMAT = dwarf;
				DEVELOPMENT_TEAM = N6M7ZCZ5Z6;
				ENABLE_STRICT_OBJC_MSGSEND = YES;
				ENABLE_TESTABILITY = YES;
				ENABLE_USER_SCRIPT_SANDBOXING = YES;
				GCC_C_LANGUAGE_STANDARD = gnu17;
				GCC_DYNAMIC_NO_PIC = NO;
				GCC_NO_COMMON_BLOCKS = YES;
				GCC_OPTIMIZATION_LEVEL = 0;
				GCC_PREPROCESSOR_DEFINITIONS = (
					"DEBUG=1",
					"$(inherited)",
				);
				GCC_WARN_64_TO_32_BIT_CONVERSION = YES;
				GCC_WARN_ABOUT_RETURN_TYPE = YES_ERROR;
				GCC_WARN_UNDECLARED_SELECTOR = YES;
				GCC_WARN_UNINITIALIZED_AUTOS = YES_AGGRESSIVE;
				GCC_WARN_UNUSED_FUNCTION = YES;
				GCC_WARN_UNUSED_VARIABLE = YES;
				LOCALIZATION_PREFERS_STRING_CATALOGS = YES;
				MACOSX_DEPLOYMENT_TARGET = 14.0;
				MTL_ENABLE_DEBUG_INFO = INCLUDE_SOURCE;
				MTL_FAST_MATH = YES;
				ONLY_ACTIVE_ARCH = YES;
				SDKROOT = macosx;
				SWIFT_ACTIVE_COMPILATION_CONDITIONS = "DEBUG $(inherited)";
				SWIFT_OPTIMIZATION_LEVEL = "-Onone";
			};
			name = Debug;
		};
		355359862C64C74A004C172A /* Release */ = {
			isa = XCBuildConfiguration;
			buildSettings = {
				ALWAYS_SEARCH_USER_PATHS = NO;
				ASSETCATALOG_COMPILER_GENERATE_SWIFT_ASSET_SYMBOL_EXTENSIONS = YES;
				CLANG_ANALYZER_NONNULL = YES;
				CLANG_ANALYZER_NUMBER_OBJECT_CONVERSION = YES_AGGRESSIVE;
				CLANG_CXX_LANGUAGE_STANDARD = "gnu++20";
				CLANG_ENABLE_MODULES = YES;
				CLANG_ENABLE_OBJC_ARC = YES;
				CLANG_ENABLE_OBJC_WEAK = YES;
				CLANG_WARN_BLOCK_CAPTURE_AUTORELEASING = YES;
				CLANG_WARN_BOOL_CONVERSION = YES;
				CLANG_WARN_COMMA = YES;
				CLANG_WARN_CONSTANT_CONVERSION = YES;
				CLANG_WARN_DEPRECATED_OBJC_IMPLEMENTATIONS = YES;
				CLANG_WARN_DIRECT_OBJC_ISA_USAGE = YES_ERROR;
				CLANG_WARN_DOCUMENTATION_COMMENTS = YES;
				CLANG_WARN_EMPTY_BODY = YES;
				CLANG_WARN_ENUM_CONVERSION = YES;
				CLANG_WARN_INFINITE_RECURSION = YES;
				CLANG_WARN_INT_CONVERSION = YES;
				CLANG_WARN_NON_LITERAL_NULL_CONVERSION = YES;
				CLANG_WARN_OBJC_IMPLICIT_RETAIN_SELF = YES;
				CLANG_WARN_OBJC_LITERAL_CONVERSION = YES;
				CLANG_WARN_OBJC_ROOT_CLASS = YES_ERROR;
				CLANG_WARN_QUOTED_INCLUDE_IN_FRAMEWORK_HEADER = YES;
				CLANG_WARN_RANGE_LOOP_ANALYSIS = YES;
				CLANG_WARN_STRICT_PROTOTYPES = YES;
				CLANG_WARN_SUSPICIOUS_MOVE = YES;
				CLANG_WARN_UNGUARDED_AVAILABILITY = YES_AGGRESSIVE;
				CLANG_WARN_UNREACHABLE_CODE = YES;
				CLANG_WARN__DUPLICATE_METHOD_MATCH = YES;
				COPY_PHASE_STRIP = NO;
				DEAD_CODE_STRIPPING = YES;
				DEBUG_INFORMATION_FORMAT = "dwarf-with-dsym";
				DEVELOPMENT_TEAM = N6M7ZCZ5Z6;
				ENABLE_NS_ASSERTIONS = NO;
				ENABLE_STRICT_OBJC_MSGSEND = YES;
				ENABLE_USER_SCRIPT_SANDBOXING = YES;
				GCC_C_LANGUAGE_STANDARD = gnu17;
				GCC_NO_COMMON_BLOCKS = YES;
				GCC_WARN_64_TO_32_BIT_CONVERSION = YES;
				GCC_WARN_ABOUT_RETURN_TYPE = YES_ERROR;
				GCC_WARN_UNDECLARED_SELECTOR = YES;
				GCC_WARN_UNINITIALIZED_AUTOS = YES_AGGRESSIVE;
				GCC_WARN_UNUSED_FUNCTION = YES;
				GCC_WARN_UNUSED_VARIABLE = YES;
				LOCALIZATION_PREFERS_STRING_CATALOGS = YES;
				MACOSX_DEPLOYMENT_TARGET = 14.0;
				MTL_ENABLE_DEBUG_INFO = NO;
				MTL_FAST_MATH = YES;
				SDKROOT = macosx;
				SWIFT_COMPILATION_MODE = wholemodule;
			};
			name = Release;
		};
		355359882C64C74A004C172A /* Debug */ = {
			isa = XCBuildConfiguration;
			buildSettings = {
				ASSETCATALOG_COMPILER_APPICON_NAME = AppIcon;
				ASSETCATALOG_COMPILER_GLOBAL_ACCENT_COLOR_NAME = AccentColor;
				CODE_SIGN_ENTITLEMENTS = ImageGenerator/ImageGenerator.entitlements;
				CODE_SIGN_STYLE = Automatic;
				COMBINE_HIDPI_IMAGES = YES;
				CURRENT_PROJECT_VERSION = 1;
				DEAD_CODE_STRIPPING = YES;
				DEVELOPMENT_ASSET_PATHS = "\"ImageGenerator/Preview Content\"";
				ENABLE_HARDENED_RUNTIME = YES;
				ENABLE_PREVIEWS = YES;
				GENERATE_INFOPLIST_FILE = YES;
				INFOPLIST_KEY_CFBundleDisplayName = "Image Generator";
				INFOPLIST_KEY_LSApplicationCategoryType = "public.app-category.developer-tools";
				INFOPLIST_KEY_NSHumanReadableCopyright = "";
				LD_RUNPATH_SEARCH_PATHS = (
					"$(inherited)",
					"@executable_path/../Frameworks",
				);
				MACOSX_DEPLOYMENT_TARGET = 15.0;
				MARKETING_VERSION = 2.8;
				PRODUCT_BUNDLE_IDENTIFIER = com.MirHam.ImageGenerator;
				PRODUCT_NAME = "$(TARGET_NAME)";
				SUPPORTED_PLATFORMS = macosx;
				SUPPORTS_MACCATALYST = NO;
				SWIFT_EMIT_LOC_STRINGS = YES;
				SWIFT_VERSION = 5.0;
			};
			name = Debug;
		};
		355359892C64C74A004C172A /* Release */ = {
			isa = XCBuildConfiguration;
			buildSettings = {
				ASSETCATALOG_COMPILER_APPICON_NAME = AppIcon;
				ASSETCATALOG_COMPILER_GLOBAL_ACCENT_COLOR_NAME = AccentColor;
				CODE_SIGN_ENTITLEMENTS = ImageGenerator/ImageGenerator.entitlements;
				CODE_SIGN_STYLE = Automatic;
				COMBINE_HIDPI_IMAGES = YES;
				CURRENT_PROJECT_VERSION = 1;
				DEAD_CODE_STRIPPING = YES;
				DEVELOPMENT_ASSET_PATHS = "\"ImageGenerator/Preview Content\"";
				ENABLE_HARDENED_RUNTIME = YES;
				ENABLE_PREVIEWS = YES;
				GENERATE_INFOPLIST_FILE = YES;
				INFOPLIST_KEY_CFBundleDisplayName = "Image Generator";
				INFOPLIST_KEY_LSApplicationCategoryType = "public.app-category.developer-tools";
				INFOPLIST_KEY_NSHumanReadableCopyright = "";
				LD_RUNPATH_SEARCH_PATHS = (
					"$(inherited)",
					"@executable_path/../Frameworks",
				);
				MACOSX_DEPLOYMENT_TARGET = 15.0;
				MARKETING_VERSION = 2.8;
				PRODUCT_BUNDLE_IDENTIFIER = com.MirHam.ImageGenerator;
				PRODUCT_NAME = "$(TARGET_NAME)";
				SUPPORTED_PLATFORMS = macosx;
				SUPPORTS_MACCATALYST = NO;
				SWIFT_EMIT_LOC_STRINGS = YES;
				SWIFT_VERSION = 5.0;
			};
			name = Release;
		};
/* End XCBuildConfiguration section */

/* Begin XCConfigurationList section */
		355359732C64C747004C172A /* Build configuration list for PBXProject "ImageGenerator" */ = {
			isa = XCConfigurationList;
			buildConfigurations = (
				355359852C64C74A004C172A /* Debug */,
				355359862C64C74A004C172A /* Release */,
			);
			defaultConfigurationIsVisible = 0;
			defaultConfigurationName = Release;
		};
		355359872C64C74A004C172A /* Build configuration list for PBXNativeTarget "ImageGenerator" */ = {
			isa = XCConfigurationList;
			buildConfigurations = (
				355359882C64C74A004C172A /* Debug */,
				355359892C64C74A004C172A /* Release */,
			);
			defaultConfigurationIsVisible = 0;
			defaultConfigurationName = Release;
		};
/* End XCConfigurationList section */

/* Begin XCRemoteSwiftPackageReference section */
		3575CC9A2DD73AD900102D4E /* XCRemoteSwiftPackageReference "Factory" */ = {
			isa = XCRemoteSwiftPackageReference;
			repositoryURL = "https://github.com/hmlongco/Factory";
			requirement = {
				kind = upToNextMajorVersion;
				minimumVersion = 2.5.0;
			};
		};
/* End XCRemoteSwiftPackageReference section */

/* Begin XCSwiftPackageProductDependency section */
		3575CC9B2DD73AD900102D4E /* Factory */ = {
			isa = XCSwiftPackageProductDependency;
			package = 3575CC9A2DD73AD900102D4E /* XCRemoteSwiftPackageReference "Factory" */;
			productName = Factory;
		};
/* End XCSwiftPackageProductDependency section */
	};
	rootObject = 355359702C64C747004C172A /* Project object */;
}
